
Microsoft Visual Studio Solution File, Format Version 12.00
# Visual Studio Version 16
VisualStudioVersion = 16.0.31424.327
MinimumVisualStudioVersion = 10.0.40219.1
Project("{8BC9CEB8-8B4A-11D0-8D11-00A0C91BC942}") = "ThinPlateSpline", "ThinPlateSpline\ThinPlateSpline.vcxproj", "{C61DF8E6-BFE1-4694-BDE2-D8D1B4D57EF7}"
EndProject
Global
	GlobalSection(SolutionConfigurationPlatforms) = preSolution
		Debug|x64 = Debug|x64
		Debug|x86 = Debug|x86
		Release|x64 = Release|x64
		Release|x86 = Release|x86
	EndGlobalSection
	GlobalSection(ProjectConfigurationPlatforms) = postSolution
		{C61DF8E6-BFE1-4694-BDE2-D8D1B4D57EF7}.Debug|x64.ActiveCfg = Debug|x64
		{C61DF8E6-BFE1-4694-BDE2-D8D1B4D57EF7}.Debug|x64.Build.0 = Debug|x64
		{C61DF8E6-BFE1-4694-BDE2-D8D1B4D57EF7}.Debug|x86.ActiveCfg = Debug|Win32
		{C61DF8E6-BFE1-4694-BDE2-D8D1B4D57EF7}.Debug|x86.Build.0 = Debug|Win32
		{C61DF8E6-BFE1-4694-BDE2-D8D1B4D57EF7}.Release|x64.ActiveCfg = Release|x64
		{C61DF8E6-BFE1-4694-BDE2-D8D1B4D57EF7}.Release|x64.Build.0 = Release|x64
		{C61DF8E6-BFE1-4694-BDE2-D8D1B4D57EF7}.Release|x86.ActiveCfg = Release|Win32
		{C61DF8E6-BFE1-4694-BDE2-D8D1B4D57EF7}.Release|x86.Build.0 = Release|Win32
	EndGlobalSection
	GlobalSection(SolutionProperties) = preSolution
		HideSolutionNode = FALSE
	EndGlobalSection
	GlobalSection(ExtensibilityGlobals) = postSolution
		SolutionGuid = {D7DF0959-A62C-48BF-B06D-586CC8E0808A}
	EndGlobalSection
EndGlobal
